{
  "version": 4,
  "terraform_version": "1.0.4",
  "serial": 51,
  "lineage": "6f9b07b6-75ed-6fca-d0a6-e27d49d58384",
  "outputs": {
    "dev-vpc-id": {
      "value": "vpc-0e76b0f8c54236f16",
      "type": "string"
    },
    "dev-vpcsubnet-id": {
      "value": "subnet-0e6c9810ea236e132",
      "type": "string"
    }
  },
  "resources": [
    {
      "mode": "data",
      "type": "aws_vpc",
      "name": "existing-vpc",
      "provider": "provider[\"registry.terraform.io/hashicorp/aws\"]",
      "instances": [
        {
          "schema_version": 0,
          "attributes": {
            "arn": "arn:aws:ec2:ap-southeast-2:313662379093:vpc/vpc-8b08feed",
            "cidr_block": "172.31.0.0/16",
            "cidr_block_associations": [
              {
                "association_id": "vpc-cidr-assoc-070ad96c",
                "cidr_block": "172.31.0.0/16",
                "state": "associated"
              }
            ],
            "default": true,
            "dhcp_options_id": "dopt-4e839329",
            "enable_dns_hostnames": true,
            "enable_dns_support": true,
            "filter": null,
            "id": "vpc-8b08feed",
            "instance_tenancy": "default",
            "ipv6_association_id": null,
            "ipv6_cidr_block": null,
            "main_route_table_id": "rtb-afed95c9",
            "owner_id": "313662379093",
            "state": "available",
            "tags": {}
          },
          "sensitive_attributes": []
        }
      ]
    },
    {
      "mode": "managed",
      "type": "aws_subnet",
      "name": "dev-subnet-1",
      "provider": "provider[\"registry.terraform.io/hashicorp/aws\"]",
      "instances": [
        {
          "schema_version": 1,
          "attributes": {
            "arn": "arn:aws:ec2:ap-southeast-2:313662379093:subnet/subnet-0e6c9810ea236e132",
            "assign_ipv6_address_on_creation": false,
            "availability_zone": "ap-southeast-2a",
            "availability_zone_id": "apse2-az3",
            "cidr_block": "10.0.50.0/24",
            "customer_owned_ipv4_pool": "",
            "id": "subnet-0e6c9810ea236e132",
            "ipv6_cidr_block": "",
            "ipv6_cidr_block_association_id": "",
            "map_customer_owned_ip_on_launch": false,
            "map_public_ip_on_launch": false,
            "outpost_arn": "",
            "owner_id": "313662379093",
            "tags": {
              "Name": "dev-subnet"
            },
            "tags_all": {
              "Name": "dev-subnet"
            },
            "timeouts": null,
            "vpc_id": "vpc-0e76b0f8c54236f16"
          },
          "sensitive_attributes": [],
          "private": "eyJlMmJmYjczMC1lY2FhLTExZTYtOGY4OC0zNDM2M2JjN2M0YzAiOnsiY3JlYXRlIjo2MDAwMDAwMDAwMDAsImRlbGV0ZSI6MTIwMDAwMDAwMDAwMH0sInNjaGVtYV92ZXJzaW9uIjoiMSJ9",
          "dependencies": [
            "aws_vpc.development-vpc"
          ]
        }
      ]
    },
    {
      "mode": "managed",
      "type": "aws_subnet",
      "name": "dev-subnet-2",
      "provider": "provider[\"registry.terraform.io/hashicorp/aws\"]",
      "instances": [
        {
          "schema_version": 1,
          "attributes": {
            "arn": "arn:aws:ec2:ap-southeast-2:313662379093:subnet/subnet-012f647082294bcee",
            "assign_ipv6_address_on_creation": false,
            "availability_zone": "ap-southeast-2a",
            "availability_zone_id": "apse2-az3",
            "cidr_block": "172.31.48.0/20",
            "customer_owned_ipv4_pool": "",
            "id": "subnet-012f647082294bcee",
            "ipv6_cidr_block": "",
            "ipv6_cidr_block_association_id": "",
            "map_customer_owned_ip_on_launch": false,
            "map_public_ip_on_launch": false,
            "outpost_arn": "",
            "owner_id": "313662379093",
            "tags": {
              "Name": "subnet-default"
            },
            "tags_all": {
              "Name": "subnet-default"
            },
            "timeouts": null,
            "vpc_id": "vpc-8b08feed"
          },
          "sensitive_attributes": [],
          "private": "eyJlMmJmYjczMC1lY2FhLTExZTYtOGY4OC0zNDM2M2JjN2M0YzAiOnsiY3JlYXRlIjo2MDAwMDAwMDAwMDAsImRlbGV0ZSI6MTIwMDAwMDAwMDAwMH0sInNjaGVtYV92ZXJzaW9uIjoiMSJ9",
          "dependencies": [
            "data.aws_vpc.existing-vpc"
          ]
        }
      ]
    },
    {
      "mode": "managed",
      "type": "aws_vpc",
      "name": "development-vpc",
      "provider": "provider[\"registry.terraform.io/hashicorp/aws\"]",
      "instances": [
        {
          "schema_version": 1,
          "attributes": {
            "arn": "arn:aws:ec2:ap-southeast-2:313662379093:vpc/vpc-0e76b0f8c54236f16",
            "assign_generated_ipv6_cidr_block": false,
            "cidr_block": "10.0.0.0/16",
            "default_network_acl_id": "acl-04416f50a60afe832",
            "default_route_table_id": "rtb-0f5013a008bfd1f73",
            "default_security_group_id": "sg-09dcb7a6b6be02baf",
            "dhcp_options_id": "dopt-4e839329",
            "enable_classiclink": false,
            "enable_classiclink_dns_support": false,
            "enable_dns_hostnames": false,
            "enable_dns_support": true,
            "id": "vpc-0e76b0f8c54236f16",
            "instance_tenancy": "default",
            "ipv6_association_id": "",
            "ipv6_cidr_block": "",
            "main_route_table_id": "rtb-0f5013a008bfd1f73",
            "owner_id": "313662379093",
            "tags": {
              "Name": "dev-vpc"
            },
            "tags_all": {
              "Name": "dev-vpc"
            }
          },
          "sensitive_attributes": [],
          "private": "eyJzY2hlbWFfdmVyc2lvbiI6IjEifQ=="
        }
      ]
    }
  ]
}
